
Microsoft Visual Studio Solution File, Format Version 12.00
# Visual Studio 15
VisualStudioVersion = 15.0.28307.1267
MinimumVisualStudioVersion = 10.0.40219.1
Project("{FAE04EC0-301F-11D3-BF4B-00C04F79EFBC}") = "ServerConfigRest_032_AndangSaefullah", "ServerConfigRest_032_AndangSaefullah\ServerConfigRest_032_AndangSaefullah.csproj", "{8F99FD86-F9CD-49FF-972C-82A6D34F3933}"
EndProject
Global
	GlobalSection(SolutionConfigurationPlatforms) = preSolution
		Debug|Any CPU = Debug|Any CPU
		Release|Any CPU = Release|Any CPU
	EndGlobalSection
	GlobalSection(ProjectConfigurationPlatforms) = postSolution
		{8F99FD86-F9CD-49FF-972C-82A6D34F3933}.Debug|Any CPU.ActiveCfg = Debug|Any CPU
		{8F99FD86-F9CD-49FF-972C-82A6D34F3933}.Debug|Any CPU.Build.0 = Debug|Any CPU
		{8F99FD86-F9CD-49FF-972C-82A6D34F3933}.Release|Any CPU.ActiveCfg = Release|Any CPU
		{8F99FD86-F9CD-49FF-972C-82A6D34F3933}.Release|Any CPU.Build.0 = Release|Any CPU
	EndGlobalSection
	GlobalSection(SolutionProperties) = preSolution
		HideSolutionNode = FALSE
	EndGlobalSection
	GlobalSection(ExtensibilityGlobals) = postSolution
		SolutionGuid = {70558E40-A7A5-4D67-AEA1-CE8B9C785976}
	EndGlobalSection
EndGlobal
